// !$*UTF8*$!
{
	archiveVersion = 1;
	classes = {
	};
	objectVersion = 50;
	objects = {

/* Begin PBXBuildFile section */
		FAC416A1227C7EB7006F4110 /* AppDelegate.m in Sources */ = {isa = PBXBuildFile; fileRef = FAC416A0227C7EB7006F4110 /* AppDelegate.m */; };
		FAC416A4227C7EB7006F4110 /* ViewController.m in Sources */ = {isa = PBXBuildFile; fileRef = FAC416A3227C7EB7006F4110 /* ViewController.m */; };
		FAC416AA227C7EB7006F4110 /* ios_final_project_1.xcdatamodeld in Sources */ = {isa = PBXBuildFile; fileRef = FAC416A8227C7EB7006F4110 /* ios_final_project_1.xcdatamodeld */; };
		FAC416AC227C7EB8006F4110 /* Assets.xcassets in Resources */ = {isa = PBXBuildFile; fileRef = FAC416AB227C7EB8006F4110 /* Assets.xcassets */; };
		FAC416AF227C7EB8006F4110 /* LaunchScreen.storyboard in Resources */ = {isa = PBXBuildFile; fileRef = FAC416AD227C7EB8006F4110 /* LaunchScreen.storyboard */; };
		FAC416B2227C7EB8006F4110 /* main.m in Sources */ = {isa = PBXBuildFile; fileRef = FAC416B1227C7EB8006F4110 /* main.m */; };
		FAC416BC227C7EB8006F4110 /* ios_final_project_1Tests.m in Sources */ = {isa = PBXBuildFile; fileRef = FAC416BB227C7EB8006F4110 /* ios_final_project_1Tests.m */; };
		FAC416C7227C7EB8006F4110 /* ios_final_project_1UITests.m in Sources */ = {isa = PBXBuildFile; fileRef = FAC416C6227C7EB8006F4110 /* ios_final_project_1UITests.m */; };
		FAC416DA227C85CD006F4110 /* NetworkService.m in Sources */ = {isa = PBXBuildFile; fileRef = FAC416D9227C85CD006F4110 /* NetworkService.m */; };
		FAC416DF227C8686006F4110 /* DefinitionModel.m in Sources */ = {isa = PBXBuildFile; fileRef = FAC416DE227C8686006F4110 /* DefinitionModel.m */; };
		FAC416E2227C9658006F4110 /* WordModel.m in Sources */ = {isa = PBXBuildFile; fileRef = FAC416E1227C9658006F4110 /* WordModel.m */; };
		FAC416E5227CB7F2006F4110 /* NotificationService.m in Sources */ = {isa = PBXBuildFile; fileRef = FAC416E4227CB7F2006F4110 /* NotificationService.m */; };
		FAD5048F2285C75600B908A7 /* Presenter.m in Sources */ = {isa = PBXBuildFile; fileRef = FAD5048E2285C75600B908A7 /* Presenter.m */; };
		FAD504962285CD0B00B908A7 /* Assembly.m in Sources */ = {isa = PBXBuildFile; fileRef = FAD504952285CD0B00B908A7 /* Assembly.m */; };
		FAEFE5E1227DD75F0026FDCE /* DefinitionTableViewCell.m in Sources */ = {isa = PBXBuildFile; fileRef = FAEFE5E0227DD75F0026FDCE /* DefinitionTableViewCell.m */; };
		FAEFE5F3227F5CE60026FDCE /* CoreDataService.m in Sources */ = {isa = PBXBuildFile; fileRef = FAEFE5F2227F5CE60026FDCE /* CoreDataService.m */; };
		FAEFE5FC227F60E50026FDCE /* Word+CoreDataClass.m in Sources */ = {isa = PBXBuildFile; fileRef = FAEFE5F6227F60E50026FDCE /* Word+CoreDataClass.m */; };
		FAEFE5FD227F60E50026FDCE /* Word+CoreDataProperties.m in Sources */ = {isa = PBXBuildFile; fileRef = FAEFE5F7227F60E50026FDCE /* Word+CoreDataProperties.m */; };
		FAEFE604227F63040026FDCE /* Definition+CoreDataClass.m in Sources */ = {isa = PBXBuildFile; fileRef = FAEFE602227F63040026FDCE /* Definition+CoreDataClass.m */; };
		FAEFE605227F63040026FDCE /* Definition+CoreDataProperties.m in Sources */ = {isa = PBXBuildFile; fileRef = FAEFE603227F63040026FDCE /* Definition+CoreDataProperties.m */; };
/* End PBXBuildFile section */

/* Begin PBXContainerItemProxy section */
		FAC416B8227C7EB8006F4110 /* PBXContainerItemProxy */ = {
			isa = PBXContainerItemProxy;
			containerPortal = FAC41694227C7EB7006F4110 /* Project object */;
			proxyType = 1;
			remoteGlobalIDString = FAC4169B227C7EB7006F4110;
			remoteInfo = "ios-final-project-1";
		};
		FAC416C3227C7EB8006F4110 /* PBXContainerItemProxy */ = {
			isa = PBXContainerItemProxy;
			containerPortal = FAC41694227C7EB7006F4110 /* Project object */;
			proxyType = 1;
			remoteGlobalIDString = FAC4169B227C7EB7006F4110;
			remoteInfo = "ios-final-project-1";
		};
/* End PBXContainerItemProxy section */

/* Begin PBXFileReference section */
		FAC4169C227C7EB7006F4110 /* ios-final-project-1.app */ = {isa = PBXFileReference; explicitFileType = wrapper.application; includeInIndex = 0; path = "ios-final-project-1.app"; sourceTree = BUILT_PRODUCTS_DIR; };
		FAC4169F227C7EB7006F4110 /* AppDelegate.h */ = {isa = PBXFileReference; lastKnownFileType = sourcecode.c.h; path = AppDelegate.h; sourceTree = "<group>"; };
		FAC416A0227C7EB7006F4110 /* AppDelegate.m */ = {isa = PBXFileReference; lastKnownFileType = sourcecode.c.objc; path = AppDelegate.m; sourceTree = "<group>"; };
		FAC416A2227C7EB7006F4110 /* ViewController.h */ = {isa = PBXFileReference; lastKnownFileType = sourcecode.c.h; path = ViewController.h; sourceTree = "<group>"; };
		FAC416A3227C7EB7006F4110 /* ViewController.m */ = {isa = PBXFileReference; lastKnownFileType = sourcecode.c.objc; path = ViewController.m; sourceTree = "<group>"; };
		FAC416A9227C7EB7006F4110 /* ios_final_project_1.xcdatamodel */ = {isa = PBXFileReference; lastKnownFileType = wrapper.xcdatamodel; path = ios_final_project_1.xcdatamodel; sourceTree = "<group>"; };
		FAC416AB227C7EB8006F4110 /* Assets.xcassets */ = {isa = PBXFileReference; lastKnownFileType = folder.assetcatalog; path = Assets.xcassets; sourceTree = "<group>"; };
		FAC416AE227C7EB8006F4110 /* Base */ = {isa = PBXFileReference; lastKnownFileType = file.storyboard; name = Base; path = Base.lproj/LaunchScreen.storyboard; sourceTree = "<group>"; };
		FAC416B0227C7EB8006F4110 /* Info.plist */ = {isa = PBXFileReference; lastKnownFileType = text.plist.xml; path = Info.plist; sourceTree = "<group>"; };
		FAC416B1227C7EB8006F4110 /* main.m */ = {isa = PBXFileReference; lastKnownFileType = sourcecode.c.objc; path = main.m; sourceTree = "<group>"; };
		FAC416B7227C7EB8006F4110 /* ios-final-project-1Tests.xctest */ = {isa = PBXFileReference; explicitFileType = wrapper.cfbundle; includeInIndex = 0; path = "ios-final-project-1Tests.xctest"; sourceTree = BUILT_PRODUCTS_DIR; };
		FAC416BB227C7EB8006F4110 /* ios_final_project_1Tests.m */ = {isa = PBXFileReference; lastKnownFileType = sourcecode.c.objc; path = ios_final_project_1Tests.m; sourceTree = "<group>"; };
		FAC416BD227C7EB8006F4110 /* Info.plist */ = {isa = PBXFileReference; lastKnownFileType = text.plist.xml; path = Info.plist; sourceTree = "<group>"; };
		FAC416C2227C7EB8006F4110 /* ios-final-project-1UITests.xctest */ = {isa = PBXFileReference; explicitFileType = wrapper.cfbundle; includeInIndex = 0; path = "ios-final-project-1UITests.xctest"; sourceTree = BUILT_PRODUCTS_DIR; };
		FAC416C6227C7EB8006F4110 /* ios_final_project_1UITests.m */ = {isa = PBXFileReference; lastKnownFileType = sourcecode.c.objc; path = ios_final_project_1UITests.m; sourceTree = "<group>"; };
		FAC416C8227C7EB8006F4110 /* Info.plist */ = {isa = PBXFileReference; lastKnownFileType = text.plist.xml; path = Info.plist; sourceTree = "<group>"; };
		FAC416D8227C85CD006F4110 /* NetworkService.h */ = {isa = PBXFileReference; lastKnownFileType = sourcecode.c.h; path = NetworkService.h; sourceTree = "<group>"; };
		FAC416D9227C85CD006F4110 /* NetworkService.m */ = {isa = PBXFileReference; lastKnownFileType = sourcecode.c.objc; path = NetworkService.m; sourceTree = "<group>"; };
		FAC416DB227C8648006F4110 /* NetworkServiceProtocol.h */ = {isa = PBXFileReference; lastKnownFileType = sourcecode.c.h; path = NetworkServiceProtocol.h; sourceTree = "<group>"; };
		FAC416DD227C8686006F4110 /* DefinitionModel.h */ = {isa = PBXFileReference; lastKnownFileType = sourcecode.c.h; path = DefinitionModel.h; sourceTree = "<group>"; };
		FAC416DE227C8686006F4110 /* DefinitionModel.m */ = {isa = PBXFileReference; lastKnownFileType = sourcecode.c.objc; path = DefinitionModel.m; sourceTree = "<group>"; };
		FAC416E0227C9658006F4110 /* WordModel.h */ = {isa = PBXFileReference; lastKnownFileType = sourcecode.c.h; path = WordModel.h; sourceTree = "<group>"; };
		FAC416E1227C9658006F4110 /* WordModel.m */ = {isa = PBXFileReference; lastKnownFileType = sourcecode.c.objc; path = WordModel.m; sourceTree = "<group>"; };
		FAC416E3227CB7F2006F4110 /* NotificationService.h */ = {isa = PBXFileReference; lastKnownFileType = sourcecode.c.h; path = NotificationService.h; sourceTree = "<group>"; };
		FAC416E4227CB7F2006F4110 /* NotificationService.m */ = {isa = PBXFileReference; lastKnownFileType = sourcecode.c.objc; path = NotificationService.m; sourceTree = "<group>"; };
		FAD5048D2285C75600B908A7 /* Presenter.h */ = {isa = PBXFileReference; lastKnownFileType = sourcecode.c.h; path = Presenter.h; sourceTree = "<group>"; };
		FAD5048E2285C75600B908A7 /* Presenter.m */ = {isa = PBXFileReference; lastKnownFileType = sourcecode.c.objc; path = Presenter.m; sourceTree = "<group>"; };
		FAD504902285C7ED00B908A7 /* PresenterProtocol.h */ = {isa = PBXFileReference; lastKnownFileType = sourcecode.c.h; path = PresenterProtocol.h; sourceTree = "<group>"; };
		FAD504932285CA5000B908A7 /* ViewProtocol.h */ = {isa = PBXFileReference; lastKnownFileType = sourcecode.c.h; path = ViewProtocol.h; sourceTree = "<group>"; };
		FAD504942285CD0B00B908A7 /* Assembly.h */ = {isa = PBXFileReference; lastKnownFileType = sourcecode.c.h; path = Assembly.h; sourceTree = "<group>"; };
		FAD504952285CD0B00B908A7 /* Assembly.m */ = {isa = PBXFileReference; lastKnownFileType = sourcecode.c.objc; path = Assembly.m; sourceTree = "<group>"; };
		FAD504972285D16600B908A7 /* CoreDataServiceProtocol.h */ = {isa = PBXFileReference; lastKnownFileType = sourcecode.c.h; path = CoreDataServiceProtocol.h; sourceTree = "<group>"; };
		FAD5049A2285D2F800B908A7 /* NotificationServiceProtocol.h */ = {isa = PBXFileReference; lastKnownFileType = sourcecode.c.h; path = NotificationServiceProtocol.h; sourceTree = "<group>"; };
		FAEFE5DF227DD75F0026FDCE /* DefinitionTableViewCell.h */ = {isa = PBXFileReference; lastKnownFileType = sourcecode.c.h; path = DefinitionTableViewCell.h; sourceTree = "<group>"; };
		FAEFE5E0227DD75F0026FDCE /* DefinitionTableViewCell.m */ = {isa = PBXFileReference; lastKnownFileType = sourcecode.c.objc; path = DefinitionTableViewCell.m; sourceTree = "<group>"; };
		FAEFE5F1227F5CE60026FDCE /* CoreDataService.h */ = {isa = PBXFileReference; lastKnownFileType = sourcecode.c.h; path = CoreDataService.h; sourceTree = "<group>"; };
		FAEFE5F2227F5CE60026FDCE /* CoreDataService.m */ = {isa = PBXFileReference; lastKnownFileType = sourcecode.c.objc; path = CoreDataService.m; sourceTree = "<group>"; };
		FAEFE5F4227F60E50026FDCE /* Word+CoreDataProperties.h */ = {isa = PBXFileReference; lastKnownFileType = sourcecode.c.h; path = "Word+CoreDataProperties.h"; sourceTree = "<group>"; };
		FAEFE5F5227F60E50026FDCE /* Word+CoreDataClass.h */ = {isa = PBXFileReference; lastKnownFileType = sourcecode.c.h; path = "Word+CoreDataClass.h"; sourceTree = "<group>"; };
		FAEFE5F6227F60E50026FDCE /* Word+CoreDataClass.m */ = {isa = PBXFileReference; lastKnownFileType = sourcecode.c.objc; path = "Word+CoreDataClass.m"; sourceTree = "<group>"; };
		FAEFE5F7227F60E50026FDCE /* Word+CoreDataProperties.m */ = {isa = PBXFileReference; lastKnownFileType = sourcecode.c.objc; path = "Word+CoreDataProperties.m"; sourceTree = "<group>"; };
		FAEFE600227F63040026FDCE /* Definition+CoreDataProperties.h */ = {isa = PBXFileReference; lastKnownFileType = sourcecode.c.h; path = "Definition+CoreDataProperties.h"; sourceTree = "<group>"; };
		FAEFE601227F63040026FDCE /* Definition+CoreDataClass.h */ = {isa = PBXFileReference; lastKnownFileType = sourcecode.c.h; path = "Definition+CoreDataClass.h"; sourceTree = "<group>"; };
		FAEFE602227F63040026FDCE /* Definition+CoreDataClass.m */ = {isa = PBXFileReference; lastKnownFileType = sourcecode.c.objc; path = "Definition+CoreDataClass.m"; sourceTree = "<group>"; };
		FAEFE603227F63040026FDCE /* Definition+CoreDataProperties.m */ = {isa = PBXFileReference; lastKnownFileType = sourcecode.c.objc; path = "Definition+CoreDataProperties.m"; sourceTree = "<group>"; };
/* End PBXFileReference section */

/* Begin PBXFrameworksBuildPhase section */
		FAC41699227C7EB7006F4110 /* Frameworks */ = {
			isa = PBXFrameworksBuildPhase;
			buildActionMask = 2147483647;
			files = (
			);
			runOnlyForDeploymentPostprocessing = 0;
		};
		FAC416B4227C7EB8006F4110 /* Frameworks */ = {
			isa = PBXFrameworksBuildPhase;
			buildActionMask = 2147483647;
			files = (
			);
			runOnlyForDeploymentPostprocessing = 0;
		};
		FAC416BF227C7EB8006F4110 /* Frameworks */ = {
			isa = PBXFrameworksBuildPhase;
			buildActionMask = 2147483647;
			files = (
			);
			runOnlyForDeploymentPostprocessing = 0;
		};
/* End PBXFrameworksBuildPhase section */

/* Begin PBXGroup section */
		FAC41693227C7EB7006F4110 = {
			isa = PBXGroup;
			children = (
				FAC4169E227C7EB7006F4110 /* ios-final-project-1 */,
				FAC416BA227C7EB8006F4110 /* ios-final-project-1Tests */,
				FAC416C5227C7EB8006F4110 /* ios-final-project-1UITests */,
				FAC4169D227C7EB7006F4110 /* Products */,
			);
			sourceTree = "<group>";
		};
		FAC4169D227C7EB7006F4110 /* Products */ = {
			isa = PBXGroup;
			children = (
				FAC4169C227C7EB7006F4110 /* ios-final-project-1.app */,
				FAC416B7227C7EB8006F4110 /* ios-final-project-1Tests.xctest */,
				FAC416C2227C7EB8006F4110 /* ios-final-project-1UITests.xctest */,
			);
			name = Products;
			sourceTree = "<group>";
		};
		FAC4169E227C7EB7006F4110 /* ios-final-project-1 */ = {
			isa = PBXGroup;
			children = (
				FAC4169F227C7EB7006F4110 /* AppDelegate.h */,
				FAC416A0227C7EB7006F4110 /* AppDelegate.m */,
				FAD504942285CD0B00B908A7 /* Assembly.h */,
				FAD504952285CD0B00B908A7 /* Assembly.m */,
				FAEFE5E2227F5ABB0026FDCE /* CoreData */,
				FAC416DC227C865E006F4110 /* Model */,
				FAC416D7227C85A9006F4110 /* ServiceLayer */,
				FAC416D4227C827F006F4110 /* PresenterLayer */,
				FAC416AB227C7EB8006F4110 /* Assets.xcassets */,
				FAC416AD227C7EB8006F4110 /* LaunchScreen.storyboard */,
				FAC416B0227C7EB8006F4110 /* Info.plist */,
				FAC416B1227C7EB8006F4110 /* main.m */,
				FAC416A8227C7EB7006F4110 /* ios_final_project_1.xcdatamodeld */,
			);
			path = "ios-final-project-1";
			sourceTree = "<group>";
		};
		FAC416BA227C7EB8006F4110 /* ios-final-project-1Tests */ = {
			isa = PBXGroup;
			children = (
				FAC416BB227C7EB8006F4110 /* ios_final_project_1Tests.m */,
				FAC416BD227C7EB8006F4110 /* Info.plist */,
			);
			path = "ios-final-project-1Tests";
			sourceTree = "<group>";
		};
		FAC416C5227C7EB8006F4110 /* ios-final-project-1UITests */ = {
			isa = PBXGroup;
			children = (
				FAC416C6227C7EB8006F4110 /* ios_final_project_1UITests.m */,
				FAC416C8227C7EB8006F4110 /* Info.plist */,
			);
			path = "ios-final-project-1UITests";
			sourceTree = "<group>";
		};
		FAC416D4227C827F006F4110 /* PresenterLayer */ = {
			isa = PBXGroup;
			children = (
				FAD504922285C80A00B908A7 /* View */,
				FAD504912285C7FE00B908A7 /* Presenter */,
			);
			name = PresenterLayer;
			sourceTree = "<group>";
		};
		FAC416D7227C85A9006F4110 /* ServiceLayer */ = {
			isa = PBXGroup;
			children = (
				FAD504992285D2E600B908A7 /* NotificationService */,
				FAD504982285D2DB00B908A7 /* NetworkService */,
			);
			name = ServiceLayer;
			sourceTree = "<group>";
		};
		FAC416DC227C865E006F4110 /* Model */ = {
			isa = PBXGroup;
			children = (
				FAC416E0227C9658006F4110 /* WordModel.h */,
				FAC416E1227C9658006F4110 /* WordModel.m */,
				FAC416DD227C8686006F4110 /* DefinitionModel.h */,
				FAC416DE227C8686006F4110 /* DefinitionModel.m */,
			);
			name = Model;
			sourceTree = "<group>";
		};
		FAD504912285C7FE00B908A7 /* Presenter */ = {
			isa = PBXGroup;
			children = (
				FAD504902285C7ED00B908A7 /* PresenterProtocol.h */,
				FAD5048D2285C75600B908A7 /* Presenter.h */,
				FAD5048E2285C75600B908A7 /* Presenter.m */,
			);
			name = Presenter;
			sourceTree = "<group>";
		};
		FAD504922285C80A00B908A7 /* View */ = {
			isa = PBXGroup;
			children = (
				FAD504932285CA5000B908A7 /* ViewProtocol.h */,
				FAC416A2227C7EB7006F4110 /* ViewController.h */,
				FAC416A3227C7EB7006F4110 /* ViewController.m */,
				FAEFE5DE227DD6630026FDCE /* TableViewCell */,
			);
			name = View;
			sourceTree = "<group>";
		};
		FAD504982285D2DB00B908A7 /* NetworkService */ = {
			isa = PBXGroup;
			children = (
				FAC416DB227C8648006F4110 /* NetworkServiceProtocol.h */,
				FAC416D8227C85CD006F4110 /* NetworkService.h */,
				FAC416D9227C85CD006F4110 /* NetworkService.m */,
			);
			name = NetworkService;
			sourceTree = "<group>";
		};
		FAD504992285D2E600B908A7 /* NotificationService */ = {
			isa = PBXGroup;
			children = (
				FAD5049A2285D2F800B908A7 /* NotificationServiceProtocol.h */,
				FAC416E3227CB7F2006F4110 /* NotificationService.h */,
				FAC416E4227CB7F2006F4110 /* NotificationService.m */,
			);
			name = NotificationService;
			sourceTree = "<group>";
		};
		FAEFE5DE227DD6630026FDCE /* TableViewCell */ = {
			isa = PBXGroup;
			children = (
				FAEFE5DF227DD75F0026FDCE /* DefinitionTableViewCell.h */,
				FAEFE5E0227DD75F0026FDCE /* DefinitionTableViewCell.m */,
			);
			name = TableViewCell;
			sourceTree = "<group>";
		};
		FAEFE5E2227F5ABB0026FDCE /* CoreData */ = {
			isa = PBXGroup;
			children = (
				FAD504972285D16600B908A7 /* CoreDataServiceProtocol.h */,
				FAEFE5F1227F5CE60026FDCE /* CoreDataService.h */,
				FAEFE5F2227F5CE60026FDCE /* CoreDataService.m */,
				FAEFE5F0227F5BA80026FDCE /* CoreData_Definition */,
				FAEFE5EF227F5BA10026FDCE /* CoreData_Word */,
			);
			name = CoreData;
			sourceTree = "<group>";
		};
		FAEFE5EF227F5BA10026FDCE /* CoreData_Word */ = {
			isa = PBXGroup;
			children = (
				FAEFE5F5227F60E50026FDCE /* Word+CoreDataClass.h */,
				FAEFE5F6227F60E50026FDCE /* Word+CoreDataClass.m */,
				FAEFE5F4227F60E50026FDCE /* Word+CoreDataProperties.h */,
				FAEFE5F7227F60E50026FDCE /* Word+CoreDataProperties.m */,
			);
			name = CoreData_Word;
			sourceTree = "<group>";
		};
		FAEFE5F0227F5BA80026FDCE /* CoreData_Definition */ = {
			isa = PBXGroup;
			children = (
				FAEFE601227F63040026FDCE /* Definition+CoreDataClass.h */,
				FAEFE602227F63040026FDCE /* Definition+CoreDataClass.m */,
				FAEFE600227F63040026FDCE /* Definition+CoreDataProperties.h */,
				FAEFE603227F63040026FDCE /* Definition+CoreDataProperties.m */,
			);
			name = CoreData_Definition;
			sourceTree = "<group>";
		};
/* End PBXGroup section */

/* Begin PBXNativeTarget section */
		FAC4169B227C7EB7006F4110 /* ios-final-project-1 */ = {
			isa = PBXNativeTarget;
			buildConfigurationList = FAC416CB227C7EB8006F4110 /* Build configuration list for PBXNativeTarget "ios-final-project-1" */;
			buildPhases = (
				FAC41698227C7EB7006F4110 /* Sources */,
				FAC41699227C7EB7006F4110 /* Frameworks */,
				FAC4169A227C7EB7006F4110 /* Resources */,
			);
			buildRules = (
			);
			dependencies = (
			);
			name = "ios-final-project-1";
			productName = "ios-final-project-1";
			productReference = FAC4169C227C7EB7006F4110 /* ios-final-project-1.app */;
			productType = "com.apple.product-type.application";
		};
		FAC416B6227C7EB8006F4110 /* ios-final-project-1Tests */ = {
			isa = PBXNativeTarget;
			buildConfigurationList = FAC416CE227C7EB8006F4110 /* Build configuration list for PBXNativeTarget "ios-final-project-1Tests" */;
			buildPhases = (
				FAC416B3227C7EB8006F4110 /* Sources */,
				FAC416B4227C7EB8006F4110 /* Frameworks */,
				FAC416B5227C7EB8006F4110 /* Resources */,
			);
			buildRules = (
			);
			dependencies = (
				FAC416B9227C7EB8006F4110 /* PBXTargetDependency */,
			);
			name = "ios-final-project-1Tests";
			productName = "ios-final-project-1Tests";
			productReference = FAC416B7227C7EB8006F4110 /* ios-final-project-1Tests.xctest */;
			productType = "com.apple.product-type.bundle.unit-test";
		};
		FAC416C1227C7EB8006F4110 /* ios-final-project-1UITests */ = {
			isa = PBXNativeTarget;
			buildConfigurationList = FAC416D1227C7EB8006F4110 /* Build configuration list for PBXNativeTarget "ios-final-project-1UITests" */;
			buildPhases = (
				FAC416BE227C7EB8006F4110 /* Sources */,
				FAC416BF227C7EB8006F4110 /* Frameworks */,
				FAC416C0227C7EB8006F4110 /* Resources */,
			);
			buildRules = (
			);
			dependencies = (
				FAC416C4227C7EB8006F4110 /* PBXTargetDependency */,
			);
			name = "ios-final-project-1UITests";
			productName = "ios-final-project-1UITests";
			productReference = FAC416C2227C7EB8006F4110 /* ios-final-project-1UITests.xctest */;
			productType = "com.apple.product-type.bundle.ui-testing";
		};
/* End PBXNativeTarget section */

/* Begin PBXProject section */
		FAC41694227C7EB7006F4110 /* Project object */ = {
			isa = PBXProject;
			attributes = {
				LastUpgradeCheck = 1020;
				ORGANIZATIONNAME = Alex;
				TargetAttributes = {
					FAC4169B227C7EB7006F4110 = {
						CreatedOnToolsVersion = 10.2;
					};
					FAC416B6227C7EB8006F4110 = {
						CreatedOnToolsVersion = 10.2;
						TestTargetID = FAC4169B227C7EB7006F4110;
					};
					FAC416C1227C7EB8006F4110 = {
						CreatedOnToolsVersion = 10.2;
						TestTargetID = FAC4169B227C7EB7006F4110;
					};
				};
			};
			buildConfigurationList = FAC41697227C7EB7006F4110 /* Build configuration list for PBXProject "ios-final-project-1" */;
			compatibilityVersion = "Xcode 9.3";
			developmentRegion = en;
			hasScannedForEncodings = 0;
			knownRegions = (
				en,
				Base,
			);
			mainGroup = FAC41693227C7EB7006F4110;
			productRefGroup = FAC4169D227C7EB7006F4110 /* Products */;
			projectDirPath = "";
			projectRoot = "";
			targets = (
				FAC4169B227C7EB7006F4110 /* ios-final-project-1 */,
				FAC416B6227C7EB8006F4110 /* ios-final-project-1Tests */,
				FAC416C1227C7EB8006F4110 /* ios-final-project-1UITests */,
			);
		};
/* End PBXProject section */

/* Begin PBXResourcesBuildPhase section */
		FAC4169A227C7EB7006F4110 /* Resources */ = {
			isa = PBXResourcesBuildPhase;
			buildActionMask = 2147483647;
			files = (
				FAC416AF227C7EB8006F4110 /* LaunchScreen.storyboard in Resources */,
				FAC416AC227C7EB8006F4110 /* Assets.xcassets in Resources */,
			);
			runOnlyForDeploymentPostprocessing = 0;
		};
		FAC416B5227C7EB8006F4110 /* Resources */ = {
			isa = PBXResourcesBuildPhase;
			buildActionMask = 2147483647;
			files = (
			);
			runOnlyForDeploymentPostprocessing = 0;
		};
		FAC416C0227C7EB8006F4110 /* Resources */ = {
			isa = PBXResourcesBuildPhase;
			buildActionMask = 2147483647;
			files = (
			);
			runOnlyForDeploymentPostprocessing = 0;
		};
/* End PBXResourcesBuildPhase section */

/* Begin PBXSourcesBuildPhase section */
		FAC41698227C7EB7006F4110 /* Sources */ = {
			isa = PBXSourcesBuildPhase;
			buildActionMask = 2147483647;
			files = (
				FAEFE605227F63040026FDCE /* Definition+CoreDataProperties.m in Sources */,
				FAC416E5227CB7F2006F4110 /* NotificationService.m in Sources */,
				FAC416AA227C7EB7006F4110 /* ios_final_project_1.xcdatamodeld in Sources */,
				FAC416DF227C8686006F4110 /* DefinitionModel.m in Sources */,
				FAC416A4227C7EB7006F4110 /* ViewController.m in Sources */,
				FAD504962285CD0B00B908A7 /* Assembly.m in Sources */,
				FAD5048F2285C75600B908A7 /* Presenter.m in Sources */,
				FAEFE5E1227DD75F0026FDCE /* DefinitionTableViewCell.m in Sources */,
				FAC416E2227C9658006F4110 /* WordModel.m in Sources */,
				FAEFE5FC227F60E50026FDCE /* Word+CoreDataClass.m in Sources */,
				FAC416B2227C7EB8006F4110 /* main.m in Sources */,
				FAEFE604227F63040026FDCE /* Definition+CoreDataClass.m in Sources */,
				FAEFE5FD227F60E50026FDCE /* Word+CoreDataProperties.m in Sources */,
				FAC416A1227C7EB7006F4110 /* AppDelegate.m in Sources */,
				FAEFE5F3227F5CE60026FDCE /* CoreDataService.m in Sources */,
				FAC416DA227C85CD006F4110 /* NetworkService.m in Sources */,
			);
			runOnlyForDeploymentPostprocessing = 0;
		};
		FAC416B3227C7EB8006F4110 /* Sources */ = {
			isa = PBXSourcesBuildPhase;
			buildActionMask = 2147483647;
			files = (
				FAC416BC227C7EB8006F4110 /* ios_final_project_1Tests.m in Sources */,
			);
			runOnlyForDeploymentPostprocessing = 0;
		};
		FAC416BE227C7EB8006F4110 /* Sources */ = {
			isa = PBXSourcesBuildPhase;
			buildActionMask = 2147483647;
			files = (
				FAC416C7227C7EB8006F4110 /* ios_final_project_1UITests.m in Sources */,
			);
			runOnlyForDeploymentPostprocessing = 0;
		};
/* End PBXSourcesBuildPhase section */

/* Begin PBXTargetDependency section */
		FAC416B9227C7EB8006F4110 /* PBXTargetDependency */ = {
			isa = PBXTargetDependency;
			target = FAC4169B227C7EB7006F4110 /* ios-final-project-1 */;
			targetProxy = FAC416B8227C7EB8006F4110 /* PBXContainerItemProxy */;
		};
		FAC416C4227C7EB8006F4110 /* PBXTargetDependency */ = {
			isa = PBXTargetDependency;
			target = FAC4169B227C7EB7006F4110 /* ios-final-project-1 */;
			targetProxy = FAC416C3227C7EB8006F4110 /* PBXContainerItemProxy */;
		};
/* End PBXTargetDependency section */

/* Begin PBXVariantGroup section */
		FAC416AD227C7EB8006F4110 /* LaunchScreen.storyboard */ = {
			isa = PBXVariantGroup;
			children = (
				FAC416AE227C7EB8006F4110 /* Base */,
			);
			name = LaunchScreen.storyboard;
			sourceTree = "<group>";
		};
/* End PBXVariantGroup section */

/* Begin XCBuildConfiguration section */
		FAC416C9227C7EB8006F4110 /* Debug */ = {
			isa = XCBuildConfiguration;
			buildSettings = {
				ALWAYS_SEARCH_USER_PATHS = NO;
				CLANG_ANALYZER_NONNULL = YES;
				CLANG_ANALYZER_NUMBER_OBJECT_CONVERSION = YES_AGGRESSIVE;
				CLANG_CXX_LANGUAGE_STANDARD = "gnu++14";
				CLANG_CXX_LIBRARY = "libc++";
				CLANG_ENABLE_MODULES = YES;
				CLANG_ENABLE_OBJC_ARC = YES;
				CLANG_ENABLE_OBJC_WEAK = YES;
				CLANG_WARN_BLOCK_CAPTURE_AUTORELEASING = YES;
				CLANG_WARN_BOOL_CONVERSION = YES;
				CLANG_WARN_COMMA = YES;
				CLANG_WARN_CONSTANT_CONVERSION = YES;
				CLANG_WARN_DEPRECATED_OBJC_IMPLEMENTATIONS = YES;
				CLANG_WARN_DIRECT_OBJC_ISA_USAGE = YES_ERROR;
				CLANG_WARN_DOCUMENTATION_COMMENTS = YES;
				CLANG_WARN_EMPTY_BODY = YES;
				CLANG_WARN_ENUM_CONVERSION = YES;
				CLANG_WARN_INFINITE_RECURSION = YES;
				CLANG_WARN_INT_CONVERSION = YES;
				CLANG_WARN_NON_LITERAL_NULL_CONVERSION = YES;
				CLANG_WARN_OBJC_IMPLICIT_RETAIN_SELF = YES;
				CLANG_WARN_OBJC_LITERAL_CONVERSION = YES;
				CLANG_WARN_OBJC_ROOT_CLASS = YES_ERROR;
				CLANG_WARN_RANGE_LOOP_ANALYSIS = YES;
				CLANG_WARN_STRICT_PROTOTYPES = YES;
				CLANG_WARN_SUSPICIOUS_MOVE = YES;
				CLANG_WARN_UNGUARDED_AVAILABILITY = YES_AGGRESSIVE;
				CLANG_WARN_UNREACHABLE_CODE = YES;
				CLANG_WARN__DUPLICATE_METHOD_MATCH = YES;
				CODE_SIGN_IDENTITY = "iPhone Developer";
				COPY_PHASE_STRIP = NO;
				DEBUG_INFORMATION_FORMAT = dwarf;
				ENABLE_STRICT_OBJC_MSGSEND = YES;
				ENABLE_TESTABILITY = YES;
				GCC_C_LANGUAGE_STANDARD = gnu11;
				GCC_DYNAMIC_NO_PIC = NO;
				GCC_NO_COMMON_BLOCKS = YES;
				GCC_OPTIMIZATION_LEVEL = 0;
				GCC_PREPROCESSOR_DEFINITIONS = (
					"DEBUG=1",
					"$(inherited)",
				);
				GCC_WARN_64_TO_32_BIT_CONVERSION = YES;
				GCC_WARN_ABOUT_RETURN_TYPE = YES_ERROR;
				GCC_WARN_UNDECLARED_SELECTOR = YES;
				GCC_WARN_UNINITIALIZED_AUTOS = YES_AGGRESSIVE;
				GCC_WARN_UNUSED_FUNCTION = YES;
				GCC_WARN_UNUSED_VARIABLE = YES;
				IPHONEOS_DEPLOYMENT_TARGET = 12.2;
				MTL_ENABLE_DEBUG_INFO = INCLUDE_SOURCE;
				MTL_FAST_MATH = YES;
				ONLY_ACTIVE_ARCH = YES;
				SDKROOT = iphoneos;
			};
			name = Debug;
		};
		FAC416CA227C7EB8006F4110 /* Release */ = {
			isa = XCBuildConfiguration;
			buildSettings = {
				ALWAYS_SEARCH_USER_PATHS = NO;
				CLANG_ANALYZER_NONNULL = YES;
				CLANG_ANALYZER_NUMBER_OBJECT_CONVERSION = YES_AGGRESSIVE;
				CLANG_CXX_LANGUAGE_STANDARD = "gnu++14";
				CLANG_CXX_LIBRARY = "libc++";
				CLANG_ENABLE_MODULES = YES;
				CLANG_ENABLE_OBJC_ARC = YES;
				CLANG_ENABLE_OBJC_WEAK = YES;
				CLANG_WARN_BLOCK_CAPTURE_AUTORELEASING = YES;
				CLANG_WARN_BOOL_CONVERSION = YES;
				CLANG_WARN_COMMA = YES;
				CLANG_WARN_CONSTANT_CONVERSION = YES;
				CLANG_WARN_DEPRECATED_OBJC_IMPLEMENTATIONS = YES;
				CLANG_WARN_DIRECT_OBJC_ISA_USAGE = YES_ERROR;
				CLANG_WARN_DOCUMENTATION_COMMENTS = YES;
				CLANG_WARN_EMPTY_BODY = YES;
				CLANG_WARN_ENUM_CONVERSION = YES;
				CLANG_WARN_INFINITE_RECURSION = YES;
				CLANG_WARN_INT_CONVERSION = YES;
				CLANG_WARN_NON_LITERAL_NULL_CONVERSION = YES;
				CLANG_WARN_OBJC_IMPLICIT_RETAIN_SELF = YES;
				CLANG_WARN_OBJC_LITERAL_CONVERSION = YES;
				CLANG_WARN_OBJC_ROOT_CLASS = YES_ERROR;
				CLANG_WARN_RANGE_LOOP_ANALYSIS = YES;
				CLANG_WARN_STRICT_PROTOTYPES = YES;
				CLANG_WARN_SUSPICIOUS_MOVE = YES;
				CLANG_WARN_UNGUARDED_AVAILABILITY = YES_AGGRESSIVE;
				CLANG_WARN_UNREACHABLE_CODE = YES;
				CLANG_WARN__DUPLICATE_METHOD_MATCH = YES;
				CODE_SIGN_IDENTITY = "iPhone Developer";
				COPY_PHASE_STRIP = NO;
				DEBUG_INFORMATION_FORMAT = "dwarf-with-dsym";
				ENABLE_NS_ASSERTIONS = NO;
				ENABLE_STRICT_OBJC_MSGSEND = YES;
				GCC_C_LANGUAGE_STANDARD = gnu11;
				GCC_NO_COMMON_BLOCKS = YES;
				GCC_WARN_64_TO_32_BIT_CONVERSION = YES;
				GCC_WARN_ABOUT_RETURN_TYPE = YES_ERROR;
				GCC_WARN_UNDECLARED_SELECTOR = YES;
				GCC_WARN_UNINITIALIZED_AUTOS = YES_AGGRESSIVE;
				GCC_WARN_UNUSED_FUNCTION = YES;
				GCC_WARN_UNUSED_VARIABLE = YES;
				IPHONEOS_DEPLOYMENT_TARGET = 12.2;
				MTL_ENABLE_DEBUG_INFO = NO;
				MTL_FAST_MATH = YES;
				SDKROOT = iphoneos;
				VALIDATE_PRODUCT = YES;
			};
			name = Release;
		};
		FAC416CC227C7EB8006F4110 /* Debug */ = {
			isa = XCBuildConfiguration;
			buildSettings = {
				ASSETCATALOG_COMPILER_APPICON_NAME = AppIcon;
				CODE_SIGN_STYLE = Automatic;
				DEVELOPMENT_TEAM = 68RG3R5754;
				INFOPLIST_FILE = "ios-final-project-1/Info.plist";
				LD_RUNPATH_SEARCH_PATHS = (
					"$(inherited)",
					"@executable_path/Frameworks",
				);
				PRODUCT_BUNDLE_IDENTIFIER = "ru.alex.ios-final-project-1";
				PRODUCT_NAME = "$(TARGET_NAME)";
				TARGETED_DEVICE_FAMILY = "1,2";
			};
			name = Debug;
		};
		FAC416CD227C7EB8006F4110 /* Release */ = {
			isa = XCBuildConfiguration;
			buildSettings = {
				ASSETCATALOG_COMPILER_APPICON_NAME = AppIcon;
				CODE_SIGN_STYLE = Automatic;
				DEVELOPMENT_TEAM = 68RG3R5754;
				INFOPLIST_FILE = "ios-final-project-1/Info.plist";
				LD_RUNPATH_SEARCH_PATHS = (
					"$(inherited)",
					"@executable_path/Frameworks",
				);
				PRODUCT_BUNDLE_IDENTIFIER = "ru.alex.ios-final-project-1";
				PRODUCT_NAME = "$(TARGET_NAME)";
				TARGETED_DEVICE_FAMILY = "1,2";
			};
			name = Release;
		};
		FAC416CF227C7EB8006F4110 /* Debug */ = {
			isa = XCBuildConfiguration;
			buildSettings = {
				BUNDLE_LOADER = "$(TEST_HOST)";
				CODE_SIGN_STYLE = Automatic;
				DEVELOPMENT_TEAM = 68RG3R5754;
				INFOPLIST_FILE = "ios-final-project-1Tests/Info.plist";
				LD_RUNPATH_SEARCH_PATHS = (
					"$(inherited)",
					"@executable_path/Frameworks",
					"@loader_path/Frameworks",
				);
				PRODUCT_BUNDLE_IDENTIFIER = "ru.alex.ios-final-project-1Tests";
				PRODUCT_NAME = "$(TARGET_NAME)";
				TARGETED_DEVICE_FAMILY = "1,2";
				TEST_HOST = "$(BUILT_PRODUCTS_DIR)/ios-final-project-1.app/ios-final-project-1";
			};
			name = Debug;
		};
		FAC416D0227C7EB8006F4110 /* Release */ = {
			isa = XCBuildConfiguration;
			buildSettings = {
				BUNDLE_LOADER = "$(TEST_HOST)";
				CODE_SIGN_STYLE = Automatic;
				DEVELOPMENT_TEAM = 68RG3R5754;
				INFOPLIST_FILE = "ios-final-project-1Tests/Info.plist";
				LD_RUNPATH_SEARCH_PATHS = (
					"$(inherited)",
					"@executable_path/Frameworks",
					"@loader_path/Frameworks",
				);
				PRODUCT_BUNDLE_IDENTIFIER = "ru.alex.ios-final-project-1Tests";
				PRODUCT_NAME = "$(TARGET_NAME)";
				TARGETED_DEVICE_FAMILY = "1,2";
				TEST_HOST = "$(BUILT_PRODUCTS_DIR)/ios-final-project-1.app/ios-final-project-1";
			};
			name = Release;
		};
		FAC416D2227C7EB8006F4110 /* Debug */ = {
			isa = XCBuildConfiguration;
			buildSettings = {
				CODE_SIGN_STYLE = Automatic;
				DEVELOPMENT_TEAM = 68RG3R5754;
				INFOPLIST_FILE = "ios-final-project-1UITests/Info.plist";
				LD_RUNPATH_SEARCH_PATHS = (
					"$(inherited)",
					"@executable_path/Frameworks",
					"@loader_path/Frameworks",
				);
				PRODUCT_BUNDLE_IDENTIFIER = "ru.alex.ios-final-project-1UITests";
				PRODUCT_NAME = "$(TARGET_NAME)";
				TARGETED_DEVICE_FAMILY = "1,2";
				TEST_TARGET_NAME = "ios-final-project-1";
			};
			name = Debug;
		};
		FAC416D3227C7EB8006F4110 /* Release */ = {
			isa = XCBuildConfiguration;
			buildSettings = {
				CODE_SIGN_STYLE = Automatic;
				DEVELOPMENT_TEAM = 68RG3R5754;
				INFOPLIST_FILE = "ios-final-project-1UITests/Info.plist";
				LD_RUNPATH_SEARCH_PATHS = (
					"$(inherited)",
					"@executable_path/Frameworks",
					"@loader_path/Frameworks",
				);
				PRODUCT_BUNDLE_IDENTIFIER = "ru.alex.ios-final-project-1UITests";
				PRODUCT_NAME = "$(TARGET_NAME)";
				TARGETED_DEVICE_FAMILY = "1,2";
				TEST_TARGET_NAME = "ios-final-project-1";
			};
			name = Release;
		};
/* End XCBuildConfiguration section */

/* Begin XCConfigurationList section */
		FAC41697227C7EB7006F4110 /* Build configuration list for PBXProject "ios-final-project-1" */ = {
			isa = XCConfigurationList;
			buildConfigurations = (
				FAC416C9227C7EB8006F4110 /* Debug */,
				FAC416CA227C7EB8006F4110 /* Release */,
			);
			defaultConfigurationIsVisible = 0;
			defaultConfigurationName = Release;
		};
		FAC416CB227C7EB8006F4110 /* Build configuration list for PBXNativeTarget "ios-final-project-1" */ = {
			isa = XCConfigurationList;
			buildConfigurations = (
				FAC416CC227C7EB8006F4110 /* Debug */,
				FAC416CD227C7EB8006F4110 /* Release */,
			);
			defaultConfigurationIsVisible = 0;
			defaultConfigurationName = Release;
		};
		FAC416CE227C7EB8006F4110 /* Build configuration list for PBXNativeTarget "ios-final-project-1Tests" */ = {
			isa = XCConfigurationList;
			buildConfigurations = (
				FAC416CF227C7EB8006F4110 /* Debug */,
				FAC416D0227C7EB8006F4110 /* Release */,
			);
			defaultConfigurationIsVisible = 0;
			defaultConfigurationName = Release;
		};
		FAC416D1227C7EB8006F4110 /* Build configuration list for PBXNativeTarget "ios-final-project-1UITests" */ = {
			isa = XCConfigurationList;
			buildConfigurations = (
				FAC416D2227C7EB8006F4110 /* Debug */,
				FAC416D3227C7EB8006F4110 /* Release */,
			);
			defaultConfigurationIsVisible = 0;
			defaultConfigurationName = Release;
		};
/* End XCConfigurationList section */

/* Begin XCVersionGroup section */
		FAC416A8227C7EB7006F4110 /* ios_final_project_1.xcdatamodeld */ = {
			isa = XCVersionGroup;
			children = (
				FAC416A9227C7EB7006F4110 /* ios_final_project_1.xcdatamodel */,
			);
			currentVersion = FAC416A9227C7EB7006F4110 /* ios_final_project_1.xcdatamodel */;
			path = ios_final_project_1.xcdatamodeld;
			sourceTree = "<group>";
			versionGroupType = wrapper.xcdatamodel;
		};
/* End XCVersionGroup section */
	};
	rootObject = FAC41694227C7EB7006F4110 /* Project object */;
}
